
Microsoft Visual Studio Solution File, Format Version 12.00
# Visual Studio 15
VisualStudioVersion = 15.0.26403.7
MinimumVisualStudioVersion = 10.0.40219.1
Project("{FAE04EC0-301F-11D3-BF4B-00C04F79EFBC}") = "LFGo", "LFGo\LFGo.csproj", "{AE7B05F3-ABF0-4777-81B2-70AC94AB01BF}"
EndProject
Project("{FAE04EC0-301F-11D3-BF4B-00C04F79EFBC}") = "LFGo.Tests", "LFGo.Tests\LFGo.Tests.csproj", "{D16D59A8-0770-4A94-B4B7-37B67FF15126}"
EndProject
Global
	GlobalSection(SolutionConfigurationPlatforms) = preSolution
		Debug|Any CPU = Debug|Any CPU
		Release|Any CPU = Release|Any CPU
	EndGlobalSection
	GlobalSection(ProjectConfigurationPlatforms) = postSolution
		{AE7B05F3-ABF0-4777-81B2-70AC94AB01BF}.Debug|Any CPU.ActiveCfg = Debug|Any CPU
		{AE7B05F3-ABF0-4777-81B2-70AC94AB01BF}.Debug|Any CPU.Build.0 = Debug|Any CPU
		{AE7B05F3-ABF0-4777-81B2-70AC94AB01BF}.Release|Any CPU.ActiveCfg = Release|Any CPU
		{AE7B05F3-ABF0-4777-81B2-70AC94AB01BF}.Release|Any CPU.Build.0 = Release|Any CPU
		{D16D59A8-0770-4A94-B4B7-37B67FF15126}.Debug|Any CPU.ActiveCfg = Debug|Any CPU
		{D16D59A8-0770-4A94-B4B7-37B67FF15126}.Debug|Any CPU.Build.0 = Debug|Any CPU
		{D16D59A8-0770-4A94-B4B7-37B67FF15126}.Release|Any CPU.ActiveCfg = Release|Any CPU
		{D16D59A8-0770-4A94-B4B7-37B67FF15126}.Release|Any CPU.Build.0 = Release|Any CPU
	EndGlobalSection
	GlobalSection(SolutionProperties) = preSolution
		HideSolutionNode = FALSE
	EndGlobalSection
EndGlobal
